github.com/PlayerR9/MyGoLib v0.3.37 h1:lJgs54YJcX/ExIi+3XwMmKbzCSZSVFG0EP5WHTLSO/I=
github.com/PlayerR9/MyGoLib v0.3.37/go.mod h1:P8XDbaUJSVcxuwnhTr6eMqvpnLN+GuGnnHBzwPA1Mfs=
github.com/PlayerR9/MyGoLib v0.3.38 h1:CtCpubH5cX5u2YBRs5sSa9ysTqBDV/ug5sTICNhE114=
github.com/PlayerR9/MyGoLib v0.3.38/go.mod h1:0/qq+2WVR27eGnETciZLVEtCRo51KfTuW2MS/Qj9III=
github.com/PlayerR9/MyGoLib v0.3.39 h1:N7LiTtIgW888NRLc7+w8kX/J5ms819AhdzGkLGdpJ8s=
github.com/PlayerR9/MyGoLib v0.3.39/go.mod h1:LH3B5Ohx/7jL599VpeuaC0UrseOpPzEMuBSGIY7ZB6Q=
golang.org/x/exp v0.0.0-20240707233637-46b078467d37 h1:uLDX+AfeFCct3a2C7uIWBKMJIR3CJMhcgfrUAqjRK6w=
golang.org/x/exp v0.0.0-20240707233637-46b078467d37/go.mod h1:M4RDyNAINzryxdtnbRXRL/OHtkFuWGRjvuhBJpk2IlY=
