github.com/PlayerR9/go-commons v0.1.24 h1:y/ioONkn5jtDsp5CrSE0Lh5/pwZBF1KfDUMBz0c/tF0=
github.com/PlayerR9/go-commons v0.1.24/go.mod h1:BquFuE/lBdzuRDd9x/FPM/jD0nAuhcLe+lMHC84qnYE=
github.com/PlayerR9/go-errors v0.1.2 h1:CqaS+uq/EqPJMMxv8CjVCJoBWW6sb+H+Cnc/2+7Nfog=
github.com/PlayerR9/go-errors v0.1.2/go.mod h1:2VwKJC6VmrxsPABDs5MV6W1zEz5mxuHFb11hc6WKkBI=
github.com/PlayerR9/go-generator v0.1.15 h1:mrkIHt/9ltMUSp5SOaCUg/G6oL02ZUbuKgwuKsMfyQQ=
github.com/PlayerR9/go-generator v0.1.15/go.mod h1:vgk/DgyUfL/Zsklt3ZXjSnru+50WfJ/zJosov0CkX3k=
github.com/PlayerR9/go-sets v0.1.0 h1:wdvHYCoAnVpLcdnr1u7Ehzk4cXqoeL4u8MnwCxEs1J8=
github.com/PlayerR9/go-sets v0.1.0/go.mod h1:xmc/P+AhdGdjt6TdQO/J/fWmmetK8Y/egLrX5cfAZLY=
github.com/dustin/go-humanize v1.0.1 h1:GzkhY7T5VNhEkwH0PVJgjz+fX1rhBrR7pRT3mDkpeCY=
github.com/dustin/go-humanize v1.0.1/go.mod h1:Mu1zIs6XwVuF/gI1OepvI0qD18qycQx+mFykh5fBlto=
